
Microsoft Visual Studio Solution File, Format Version 12.00
# Visual Studio Version 17
VisualStudioVersion = 17.0.31903.59
MinimumVisualStudioVersion = 10.0.40219.1
Project("{2150E333-8FDC-42A3-9474-1A3956D46DE8}") = "src", "src", "{005554A5-DD47-4615-AB4A-D84CB6B508B9}"
EndProject
Project("{FAE04EC0-301F-11D3-BF4B-00C04F79EFBC}") = "TodoApp.Console", "src\TodoApp.Console\TodoApp.Console.csproj", "{C38D2186-91CE-4F4B-9353-20C7F004A297}"
EndProject
Project("{2150E333-8FDC-42A3-9474-1A3956D46DE8}") = "tests", "tests", "{B925A39D-DD39-4D71-BBB9-9D5D245E23C3}"
EndProject
Project("{FAE04EC0-301F-11D3-BF4B-00C04F79EFBC}") = "TodoApp.Tests", "tests\TodoApp.Tests\TodoApp.Tests.csproj", "{00605126-14A7-4E74-9D40-070B837E531D}"
EndProject
Global
	GlobalSection(SolutionConfigurationPlatforms) = preSolution
		Debug|Any CPU = Debug|Any CPU
		Release|Any CPU = Release|Any CPU
	EndGlobalSection
	GlobalSection(SolutionProperties) = preSolution
		HideSolutionNode = FALSE
	EndGlobalSection
	GlobalSection(ProjectConfigurationPlatforms) = postSolution
		{C38D2186-91CE-4F4B-9353-20C7F004A297}.Debug|Any CPU.ActiveCfg = Debug|Any CPU
		{C38D2186-91CE-4F4B-9353-20C7F004A297}.Debug|Any CPU.Build.0 = Debug|Any CPU
		{C38D2186-91CE-4F4B-9353-20C7F004A297}.Release|Any CPU.ActiveCfg = Release|Any CPU
		{C38D2186-91CE-4F4B-9353-20C7F004A297}.Release|Any CPU.Build.0 = Release|Any CPU
		{00605126-14A7-4E74-9D40-070B837E531D}.Debug|Any CPU.ActiveCfg = Debug|Any CPU
		{00605126-14A7-4E74-9D40-070B837E531D}.Debug|Any CPU.Build.0 = Debug|Any CPU
		{00605126-14A7-4E74-9D40-070B837E531D}.Release|Any CPU.ActiveCfg = Release|Any CPU
		{00605126-14A7-4E74-9D40-070B837E531D}.Release|Any CPU.Build.0 = Release|Any CPU
	EndGlobalSection
	GlobalSection(NestedProjects) = preSolution
		{C38D2186-91CE-4F4B-9353-20C7F004A297} = {005554A5-DD47-4615-AB4A-D84CB6B508B9}
		{00605126-14A7-4E74-9D40-070B837E531D} = {B925A39D-DD39-4D71-BBB9-9D5D245E23C3}
	EndGlobalSection
EndGlobal
