
Microsoft Visual Studio Solution File, Format Version 12.00
# Visual Studio Version 17
VisualStudioVersion = 17.0.31903.59
MinimumVisualStudioVersion = 10.0.40219.1
Project("{FAE04EC0-301F-11D3-BF4B-00C04F79EFBC}") = "TodoClient", "TodoClient\TodoClient.csproj", "{4ED36C97-BE4E-4187-AF1F-251315503CD4}"
EndProject
Global
	GlobalSection(SolutionConfigurationPlatforms) = preSolution
		Debug|Any CPU = Debug|Any CPU
		Release|Any CPU = Release|Any CPU
	EndGlobalSection
	GlobalSection(SolutionProperties) = preSolution
		HideSolutionNode = FALSE
	EndGlobalSection
	GlobalSection(ProjectConfigurationPlatforms) = postSolution
		{4ED36C97-BE4E-4187-AF1F-251315503CD4}.Debug|Any CPU.ActiveCfg = Debug|Any CPU
		{4ED36C97-BE4E-4187-AF1F-251315503CD4}.Debug|Any CPU.Build.0 = Debug|Any CPU
		{4ED36C97-BE4E-4187-AF1F-251315503CD4}.Release|Any CPU.ActiveCfg = Release|Any CPU
		{4ED36C97-BE4E-4187-AF1F-251315503CD4}.Release|Any CPU.Build.0 = Release|Any CPU
	EndGlobalSection
EndGlobal
