
Microsoft Visual Studio Solution File, Format Version 12.00
# Visual Studio Version 17
VisualStudioVersion = 17.0.31903.59
MinimumVisualStudioVersion = 10.0.40219.1
Project("{2150E333-8FDC-42A3-9474-1A3956D46DE8}") = "src", "src", "{B18CE83E-0D89-4975-B3E0-FD3B0BC624C4}"
EndProject
Project("{FAE04EC0-301F-11D3-BF4B-00C04F79EFBC}") = "MusicMatcher.GraphQL", "src\MusicMathcer.GraphQL\MusicMatcher.GraphQL.csproj", "{8C7A06BE-346B-454D-9B90-124822E3DC5C}"
EndProject
Global
	GlobalSection(SolutionConfigurationPlatforms) = preSolution
		Debug|Any CPU = Debug|Any CPU
		Release|Any CPU = Release|Any CPU
	EndGlobalSection
	GlobalSection(ProjectConfigurationPlatforms) = postSolution
		{8C7A06BE-346B-454D-9B90-124822E3DC5C}.Debug|Any CPU.ActiveCfg = Debug|Any CPU
		{8C7A06BE-346B-454D-9B90-124822E3DC5C}.Debug|Any CPU.Build.0 = Debug|Any CPU
		{8C7A06BE-346B-454D-9B90-124822E3DC5C}.Release|Any CPU.ActiveCfg = Release|Any CPU
		{8C7A06BE-346B-454D-9B90-124822E3DC5C}.Release|Any CPU.Build.0 = Release|Any CPU
	EndGlobalSection
	GlobalSection(SolutionProperties) = preSolution
		HideSolutionNode = FALSE
	EndGlobalSection
	GlobalSection(NestedProjects) = preSolution
		{8C7A06BE-346B-454D-9B90-124822E3DC5C} = {B18CE83E-0D89-4975-B3E0-FD3B0BC624C4}
	EndGlobalSection
EndGlobal
