
Microsoft Visual Studio Solution File, Format Version 12.00
# Visual Studio Version 17
VisualStudioVersion = 17.0.0
MinimumVisualStudioVersion = 10.0.40219.1
Project("{FAE04EC0-301F-11D3-BF4B-00C04F79EFBC}") = "ShortLink.Api", "ShortLink.Api\ShortLink.Api.csproj", "{A1B2C3D4-E5F6-7890-ABCD-EF1234567890}"
EndProject
Project("{F85E285D-4B8E-4A4D-8A3D-8D4B8E4A4D4D}") = "ShortLink.Core", "ShortLink.Core\ShortLink.Core.csproj", "{F661ABB5-8867-2776-8875-726F4B55B555}"
EndProject
Project("{FAE04EC0-301F-11D3-BF4B-00C04F79EFBC}") = "ShortLink.Core.Tests", "ShortLink.Core.Tests\ShortLink.Core.Tests.csproj", "{FE5BF717-8FA3-4B63-8457-BD381BDADBE0}"
EndProject
Project("{FAE04EC0-301F-11D3-BF4B-00C04F79EFBC}") = "ShortLink.Infrastructure", "ShortLink.Infrastructure\ShortLink.Infrastructure.csproj", "{EB347F41-8BFD-40D9-9991-3090A42FE4BE}"
EndProject
Global
	GlobalSection(SolutionConfigurationPlatforms) = preSolution
		Debug|Any CPU = Debug|Any CPU
		Debug|x64 = Debug|x64
		Debug|x86 = Debug|x86
		Release|Any CPU = Release|Any CPU
		Release|x64 = Release|x64
		Release|x86 = Release|x86
	EndGlobalSection
	GlobalSection(ProjectConfigurationPlatforms) = postSolution
		{A1B2C3D4-E5F6-7890-ABCD-EF1234567890}.Debug|Any CPU.ActiveCfg = Debug|Any CPU
		{A1B2C3D4-E5F6-7890-ABCD-EF1234567890}.Debug|Any CPU.Build.0 = Debug|Any CPU
		{A1B2C3D4-E5F6-7890-ABCD-EF1234567890}.Debug|x64.ActiveCfg = Debug|Any CPU
		{A1B2C3D4-E5F6-7890-ABCD-EF1234567890}.Debug|x64.Build.0 = Debug|Any CPU
		{A1B2C3D4-E5F6-7890-ABCD-EF1234567890}.Debug|x86.ActiveCfg = Debug|Any CPU
		{A1B2C3D4-E5F6-7890-ABCD-EF1234567890}.Debug|x86.Build.0 = Debug|Any CPU
		{A1B2C3D4-E5F6-7890-ABCD-EF1234567890}.Release|Any CPU.ActiveCfg = Release|Any CPU
		{A1B2C3D4-E5F6-7890-ABCD-EF1234567890}.Release|Any CPU.Build.0 = Release|Any CPU
		{A1B2C3D4-E5F6-7890-ABCD-EF1234567890}.Release|x64.ActiveCfg = Release|Any CPU
		{A1B2C3D4-E5F6-7890-ABCD-EF1234567890}.Release|x64.Build.0 = Release|Any CPU
		{A1B2C3D4-E5F6-7890-ABCD-EF1234567890}.Release|x86.ActiveCfg = Release|Any CPU
		{A1B2C3D4-E5F6-7890-ABCD-EF1234567890}.Release|x86.Build.0 = Release|Any CPU
		{F661ABB5-8867-2776-8875-726F4B55B555}.Debug|x64.ActiveCfg = Debug|x64
		{F661ABB5-8867-2776-8875-726F4B55B555}.Debug|x64.Build.0 = Debug|x64
		{F661ABB5-8867-2776-8875-726F4B55B555}.Debug|x86.ActiveCfg = Debug|x86
		{F661ABB5-8867-2776-8875-726F4B55B555}.Debug|x86.Build.0 = Debug|x86
		{F661ABB5-8867-2776-8875-726F4B55B555}.Release|x64.ActiveCfg = Release|x64
		{F661ABB5-8867-2776-8875-726F4B55B555}.Release|x64.Build.0 = Release|x64
		{F661ABB5-8867-2776-8875-726F4B55B555}.Release|x86.ActiveCfg = Release|x86
		{F661ABB5-8867-2776-8875-726F4B55B555}.Release|x86.Build.0 = Release|x86
		{FE5BF717-8FA3-4B63-8457-BD381BDADBE0}.Debug|Any CPU.ActiveCfg = Debug|Any CPU
		{FE5BF717-8FA3-4B63-8457-BD381BDADBE0}.Debug|Any CPU.Build.0 = Debug|Any CPU
		{FE5BF717-8FA3-4B63-8457-BD381BDADBE0}.Debug|x64.ActiveCfg = Debug|Any CPU
		{FE5BF717-8FA3-4B63-8457-BD381BDADBE0}.Debug|x64.Build.0 = Debug|Any CPU
		{FE5BF717-8FA3-4B63-8457-BD381BDADBE0}.Debug|x86.ActiveCfg = Debug|Any CPU
		{FE5BF717-8FA3-4B63-8457-BD381BDADBE0}.Debug|x86.Build.0 = Debug|Any CPU
		{FE5BF717-8FA3-4B63-8457-BD381BDADBE0}.Release|Any CPU.ActiveCfg = Release|Any CPU
		{FE5BF717-8FA3-4B63-8457-BD381BDADBE0}.Release|Any CPU.Build.0 = Release|Any CPU
		{FE5BF717-8FA3-4B63-8457-BD381BDADBE0}.Release|x64.ActiveCfg = Release|Any CPU
		{FE5BF717-8FA3-4B63-8457-BD381BDADBE0}.Release|x64.Build.0 = Release|Any CPU
		{FE5BF717-8FA3-4B63-8457-BD381BDADBE0}.Release|x86.ActiveCfg = Release|Any CPU
		{FE5BF717-8FA3-4B63-8457-BD381BDADBE0}.Release|x86.Build.0 = Release|Any CPU
		{EB347F41-8BFD-40D9-9991-3090A42FE4BE}.Debug|Any CPU.ActiveCfg = Debug|Any CPU
		{EB347F41-8BFD-40D9-9991-3090A42FE4BE}.Debug|Any CPU.Build.0 = Debug|Any CPU
		{EB347F41-8BFD-40D9-9991-3090A42FE4BE}.Debug|x64.ActiveCfg = Debug|Any CPU
		{EB347F41-8BFD-40D9-9991-3090A42FE4BE}.Debug|x64.Build.0 = Debug|Any CPU
		{EB347F41-8BFD-40D9-9991-3090A42FE4BE}.Debug|x86.ActiveCfg = Debug|Any CPU
		{EB347F41-8BFD-40D9-9991-3090A42FE4BE}.Debug|x86.Build.0 = Debug|Any CPU
		{EB347F41-8BFD-40D9-9991-3090A42FE4BE}.Release|Any CPU.ActiveCfg = Release|Any CPU
		{EB347F41-8BFD-40D9-9991-3090A42FE4BE}.Release|Any CPU.Build.0 = Release|Any CPU
		{EB347F41-8BFD-40D9-9991-3090A42FE4BE}.Release|x64.ActiveCfg = Release|Any CPU
		{EB347F41-8BFD-40D9-9991-3090A42FE4BE}.Release|x64.Build.0 = Release|Any CPU
		{EB347F41-8BFD-40D9-9991-3090A42FE4BE}.Release|x86.ActiveCfg = Release|Any CPU
		{EB347F41-8BFD-40D9-9991-3090A42FE4BE}.Release|x86.Build.0 = Release|Any CPU
	EndGlobalSection
	GlobalSection(SolutionProperties) = preSolution
		HideSolutionNode = FALSE
	EndGlobalSection
EndGlobal
