
Microsoft Visual Studio Solution File, Format Version 12.00
# Visual Studio Version 17
VisualStudioVersion = 17.0.31903.59
MinimumVisualStudioVersion = 10.0.40219.1
Project("{FAE04EC0-301F-11D3-BF4B-00C04F79EFBC}") = "App.Domain", "App.Domain\App.Domain.csproj", "{1B81A156-7AA6-452C-B51D-4D845D41EBA5}"
EndProject
Project("{FAE04EC0-301F-11D3-BF4B-00C04F79EFBC}") = "App.Application", "App.Application\App.Application.csproj", "{F7F0F43A-2A15-43D3-A173-0EAA0F528D51}"
EndProject
Project("{FAE04EC0-301F-11D3-BF4B-00C04F79EFBC}") = "App.Infrastructure", "App.Infrastructure\App.Infrastructure.csproj", "{FC28D7CD-3E20-428A-B90B-955BBB1E5635}"
EndProject
Project("{FAE04EC0-301F-11D3-BF4B-00C04F79EFBC}") = "App.Api", "App.Api\App.Api.csproj", "{D4BCE0FF-99CB-4911-88D3-4AB20DB85559}"
EndProject
Global
	GlobalSection(SolutionConfigurationPlatforms) = preSolution
		Debug|Any CPU = Debug|Any CPU
		Debug|x64 = Debug|x64
		Debug|x86 = Debug|x86
		Release|Any CPU = Release|Any CPU
		Release|x64 = Release|x64
		Release|x86 = Release|x86
	EndGlobalSection
	GlobalSection(ProjectConfigurationPlatforms) = postSolution
		{1B81A156-7AA6-452C-B51D-4D845D41EBA5}.Debug|Any CPU.ActiveCfg = Debug|Any CPU
		{1B81A156-7AA6-452C-B51D-4D845D41EBA5}.Debug|Any CPU.Build.0 = Debug|Any CPU
		{1B81A156-7AA6-452C-B51D-4D845D41EBA5}.Debug|x64.ActiveCfg = Debug|Any CPU
		{1B81A156-7AA6-452C-B51D-4D845D41EBA5}.Debug|x64.Build.0 = Debug|Any CPU
		{1B81A156-7AA6-452C-B51D-4D845D41EBA5}.Debug|x86.ActiveCfg = Debug|Any CPU
		{1B81A156-7AA6-452C-B51D-4D845D41EBA5}.Debug|x86.Build.0 = Debug|Any CPU
		{1B81A156-7AA6-452C-B51D-4D845D41EBA5}.Release|Any CPU.ActiveCfg = Release|Any CPU
		{1B81A156-7AA6-452C-B51D-4D845D41EBA5}.Release|Any CPU.Build.0 = Release|Any CPU
		{1B81A156-7AA6-452C-B51D-4D845D41EBA5}.Release|x64.ActiveCfg = Release|Any CPU
		{1B81A156-7AA6-452C-B51D-4D845D41EBA5}.Release|x64.Build.0 = Release|Any CPU
		{1B81A156-7AA6-452C-B51D-4D845D41EBA5}.Release|x86.ActiveCfg = Release|Any CPU
		{1B81A156-7AA6-452C-B51D-4D845D41EBA5}.Release|x86.Build.0 = Release|Any CPU
		{F7F0F43A-2A15-43D3-A173-0EAA0F528D51}.Debug|Any CPU.ActiveCfg = Debug|Any CPU
		{F7F0F43A-2A15-43D3-A173-0EAA0F528D51}.Debug|Any CPU.Build.0 = Debug|Any CPU
		{F7F0F43A-2A15-43D3-A173-0EAA0F528D51}.Debug|x64.ActiveCfg = Debug|Any CPU
		{F7F0F43A-2A15-43D3-A173-0EAA0F528D51}.Debug|x64.Build.0 = Debug|Any CPU
		{F7F0F43A-2A15-43D3-A173-0EAA0F528D51}.Debug|x86.ActiveCfg = Debug|Any CPU
		{F7F0F43A-2A15-43D3-A173-0EAA0F528D51}.Debug|x86.Build.0 = Debug|Any CPU
		{F7F0F43A-2A15-43D3-A173-0EAA0F528D51}.Release|Any CPU.ActiveCfg = Release|Any CPU
		{F7F0F43A-2A15-43D3-A173-0EAA0F528D51}.Release|Any CPU.Build.0 = Release|Any CPU
		{F7F0F43A-2A15-43D3-A173-0EAA0F528D51}.Release|x64.ActiveCfg = Release|Any CPU
		{F7F0F43A-2A15-43D3-A173-0EAA0F528D51}.Release|x64.Build.0 = Release|Any CPU
		{F7F0F43A-2A15-43D3-A173-0EAA0F528D51}.Release|x86.ActiveCfg = Release|Any CPU
		{F7F0F43A-2A15-43D3-A173-0EAA0F528D51}.Release|x86.Build.0 = Release|Any CPU
		{FC28D7CD-3E20-428A-B90B-955BBB1E5635}.Debug|Any CPU.ActiveCfg = Debug|Any CPU
		{FC28D7CD-3E20-428A-B90B-955BBB1E5635}.Debug|Any CPU.Build.0 = Debug|Any CPU
		{FC28D7CD-3E20-428A-B90B-955BBB1E5635}.Debug|x64.ActiveCfg = Debug|Any CPU
		{FC28D7CD-3E20-428A-B90B-955BBB1E5635}.Debug|x64.Build.0 = Debug|Any CPU
		{FC28D7CD-3E20-428A-B90B-955BBB1E5635}.Debug|x86.ActiveCfg = Debug|Any CPU
		{FC28D7CD-3E20-428A-B90B-955BBB1E5635}.Debug|x86.Build.0 = Debug|Any CPU
		{FC28D7CD-3E20-428A-B90B-955BBB1E5635}.Release|Any CPU.ActiveCfg = Release|Any CPU
		{FC28D7CD-3E20-428A-B90B-955BBB1E5635}.Release|Any CPU.Build.0 = Release|Any CPU
		{FC28D7CD-3E20-428A-B90B-955BBB1E5635}.Release|x64.ActiveCfg = Release|Any CPU
		{FC28D7CD-3E20-428A-B90B-955BBB1E5635}.Release|x64.Build.0 = Release|Any CPU
		{FC28D7CD-3E20-428A-B90B-955BBB1E5635}.Release|x86.ActiveCfg = Release|Any CPU
		{FC28D7CD-3E20-428A-B90B-955BBB1E5635}.Release|x86.Build.0 = Release|Any CPU
		{D4BCE0FF-99CB-4911-88D3-4AB20DB85559}.Debug|Any CPU.ActiveCfg = Debug|Any CPU
		{D4BCE0FF-99CB-4911-88D3-4AB20DB85559}.Debug|Any CPU.Build.0 = Debug|Any CPU
		{D4BCE0FF-99CB-4911-88D3-4AB20DB85559}.Debug|x64.ActiveCfg = Debug|Any CPU
		{D4BCE0FF-99CB-4911-88D3-4AB20DB85559}.Debug|x64.Build.0 = Debug|Any CPU
		{D4BCE0FF-99CB-4911-88D3-4AB20DB85559}.Debug|x86.ActiveCfg = Debug|Any CPU
		{D4BCE0FF-99CB-4911-88D3-4AB20DB85559}.Debug|x86.Build.0 = Debug|Any CPU
		{D4BCE0FF-99CB-4911-88D3-4AB20DB85559}.Release|Any CPU.ActiveCfg = Release|Any CPU
		{D4BCE0FF-99CB-4911-88D3-4AB20DB85559}.Release|Any CPU.Build.0 = Release|Any CPU
		{D4BCE0FF-99CB-4911-88D3-4AB20DB85559}.Release|x64.ActiveCfg = Release|Any CPU
		{D4BCE0FF-99CB-4911-88D3-4AB20DB85559}.Release|x64.Build.0 = Release|Any CPU
		{D4BCE0FF-99CB-4911-88D3-4AB20DB85559}.Release|x86.ActiveCfg = Release|Any CPU
		{D4BCE0FF-99CB-4911-88D3-4AB20DB85559}.Release|x86.Build.0 = Release|Any CPU
	EndGlobalSection
	GlobalSection(SolutionProperties) = preSolution
		HideSolutionNode = FALSE
	EndGlobalSection
EndGlobal
